{
  "name": "blockchain",
  "version": "1.0.0",
  "lockfileVersion": 2,
  "requires": true,
  "packages": {
    "": {
      "name": "blockchain",
      "version": "1.0.0",
      "license": "ISC",
      "dependencies": {
        "@erebos/swarm-node": "^0.13.0",
        "cli-color": "^2.0.1",
        "crypto-js": "^4.1.1",
        "get-port": "^5.1.1"
      }
    },
    "node_modules/@babel/runtime": {
      "version": "7.18.9",
      "resolved": "https://registry.npmjs.org/@babel/runtime/-/runtime-7.18.9.tgz",
      "integrity": "sha512-lkqXDcvlFT5rvEjiu6+QYO+1GXrEHRo2LOtS7E4GtX5ESIZOgepqsZBVIj6Pv+a6zqsya9VCgiK1KAK4BvJDAw==",
      "dependencies": {
        "regenerator-runtime": "^0.13.4"
      },
      "engines": {
        "node": ">=6.9.0"
      }
    },
    "node_modules/@erebos/bzz": {
      "version": "0.13.0",
      "resolved": "https://registry.npmjs.org/@erebos/bzz/-/bzz-0.13.0.tgz",
      "integrity": "sha512-ETjXxeNzT7wGofz0CcrNEc/dLeLg0DALuxpMymrzK+AvLvP8PZUfiFn+tZoupSMGaLldfSLJXweOfs3BimVaRg==",
      "dependencies": {
        "@babel/runtime": "^7.8.3"
      }
    },
    "node_modules/@erebos/bzz-node": {
      "version": "0.13.0",
      "resolved": "https://registry.npmjs.org/@erebos/bzz-node/-/bzz-node-0.13.0.tgz",
      "integrity": "sha512-Mmo9awJG/Agj6lPqicj8VRdUELoT9pP2xIVniaoUqIMMZkf+lswXFylkyH578ZCNaehyZTTttaXS5WA+T9UVyA==",
      "dependencies": {
        "@babel/runtime": "^7.8.3",
        "@erebos/bzz": "^0.13.0",
        "form-data": "^3.0.0",
        "node-fetch": "^2.6.0",
        "tar-stream": "^2.1.0"
      }
    },
    "node_modules/@erebos/client-base": {
      "version": "0.11.0",
      "resolved": "https://registry.npmjs.org/@erebos/client-base/-/client-base-0.11.0.tgz",
      "integrity": "sha512-1w6BMRywAb6efrmFQY8plsYn+wOOJMdKuL2Jq7X87ssLFJHsBPy9+LDTKnx2ghaZxgUSXVoxzoZ23aiJH63AGw==",
      "dependencies": {
        "@babel/runtime": "^7.7.4",
        "@erebos/rpc-base": "^0.10.0",
        "@erebos/rpc-stream": "^0.11.0"
      }
    },
    "node_modules/@erebos/hex": {
      "version": "0.13.0",
      "resolved": "https://registry.npmjs.org/@erebos/hex/-/hex-0.13.0.tgz",
      "integrity": "sha512-aKHoLiWX+LeejzHrkM8I52G1EbZGqA/JgmqscrVDJAabjvXgDyaa7fES9218th0D9c115C4pv5mxxNKCoaADpA==",
      "dependencies": {
        "@babel/runtime": "^7.8.3"
      }
    },
    "node_modules/@erebos/pss": {
      "version": "0.13.0",
      "resolved": "https://registry.npmjs.org/@erebos/pss/-/pss-0.13.0.tgz",
      "integrity": "sha512-+94j7oqf7GuSiI/VEwsXSuB/3JKplF7Kx5u31W/uIQiYuy4000WDMMlC7LPAi9Ns9E5e9pEkjN7ba9dO/JFlIw==",
      "dependencies": {
        "@babel/runtime": "^7.8.3",
        "@erebos/hex": "^0.13.0",
        "@erebos/rpc-stream": "^0.11.0",
        "rxjs": "^6.5.4"
      }
    },
    "node_modules/@erebos/rpc-base": {
      "version": "0.10.0",
      "resolved": "https://registry.npmjs.org/@erebos/rpc-base/-/rpc-base-0.10.0.tgz",
      "integrity": "sha512-cm+y5iILyDxkOhk+klnlCNRALYfWJhzaqKR2BqFZC4qjEmRQHukq7CmDhh+YF0aiFa1tfHF97/W+42+4vGXgJw==",
      "dependencies": {
        "@babel/runtime": "^7.6.2",
        "nanoid": "^2.1.1"
      }
    },
    "node_modules/@erebos/rpc-error": {
      "version": "0.10.0",
      "resolved": "https://registry.npmjs.org/@erebos/rpc-error/-/rpc-error-0.10.0.tgz",
      "integrity": "sha512-w1nzVry+tKyM5mOFtY1fFf/z12N5gHdPWnlKr3QCPdH15gHZD9OhVlaioGRo/oUCbjPrrbdflkdAJMYZsu40tA==",
      "dependencies": {
        "@babel/runtime": "^7.6.2",
        "@erebos/rpc-base": "^0.10.0"
      }
    },
    "node_modules/@erebos/rpc-http-node": {
      "version": "0.11.0",
      "resolved": "https://registry.npmjs.org/@erebos/rpc-http-node/-/rpc-http-node-0.11.0.tgz",
      "integrity": "sha512-YT0l5aLtDBB6UaJeSg64xlFjtGfk8bPxT0+6VtGhZPq3sdQ1xXUROzJSJNFI3bXFBdSv3+vOfMkGuGf8f7j6Iw==",
      "dependencies": {
        "@babel/runtime": "^7.7.4",
        "@erebos/rpc-request": "^0.11.0",
        "@erebos/transport-http-node": "^0.10.0"
      }
    },
    "node_modules/@erebos/rpc-ipc": {
      "version": "0.11.0",
      "resolved": "https://registry.npmjs.org/@erebos/rpc-ipc/-/rpc-ipc-0.11.0.tgz",
      "integrity": "sha512-bPUtWWM1AoSZSMbLwvp2mVLfbZYviiOSOsld5aJuCO1w31yitAiT7BaIyEwxGo+PyG+f/mHmdzsiGXpCviXYPQ==",
      "dependencies": {
        "@babel/runtime": "^7.7.4",
        "@erebos/rpc-stream": "^0.11.0",
        "@erebos/transport-ipc": "^0.10.0",
        "rxjs": "^6.5.3"
      }
    },
    "node_modules/@erebos/rpc-node": {
      "version": "0.11.0",
      "resolved": "https://registry.npmjs.org/@erebos/rpc-node/-/rpc-node-0.11.0.tgz",
      "integrity": "sha512-DEmnvEDQ2S9of538IgWsjI6J8FE5LWbx2rbpdRXkdLEojPSrM1oEu1nYtezysPoZW65KxXOKDnAResyd61UynA==",
      "dependencies": {
        "@babel/runtime": "^7.7.4",
        "@erebos/rpc-http-node": "^0.11.0",
        "@erebos/rpc-ipc": "^0.11.0",
        "@erebos/rpc-ws-node": "^0.11.0",
        "rxjs": "^6.5.3"
      }
    },
    "node_modules/@erebos/rpc-request": {
      "version": "0.11.0",
      "resolved": "https://registry.npmjs.org/@erebos/rpc-request/-/rpc-request-0.11.0.tgz",
      "integrity": "sha512-BqPilyIJTSsI+CSGupLNCs7qnz2gVSP36xhihCLzL597Nj+rqKJykNjMbYJ3aOTj0jW0gx6PdwgRwdd1wwNYoA==",
      "dependencies": {
        "@babel/runtime": "^7.7.4",
        "@erebos/rpc-base": "^0.10.0",
        "@erebos/rpc-error": "^0.10.0"
      }
    },
    "node_modules/@erebos/rpc-stream": {
      "version": "0.11.0",
      "resolved": "https://registry.npmjs.org/@erebos/rpc-stream/-/rpc-stream-0.11.0.tgz",
      "integrity": "sha512-duNWf6tDQ2gjqiLhGrL45nV6Zl0P3acQvtoDEVjQA8wchwCspc59Crq+IrJ2coVN7kOdgIKB9AqvSbGE+pPZEA==",
      "dependencies": {
        "@babel/runtime": "^7.7.4",
        "@erebos/rpc-base": "^0.10.0",
        "@erebos/rpc-error": "^0.10.0",
        "rxjs": "^6.5.3"
      }
    },
    "node_modules/@erebos/rpc-ws-node": {
      "version": "0.11.0",
      "resolved": "https://registry.npmjs.org/@erebos/rpc-ws-node/-/rpc-ws-node-0.11.0.tgz",
      "integrity": "sha512-9SbnhDNUlIpJuejNAZ/yz9H/qsf7AAaYQksGotwmnrTOyPxoEdrs+DLBOxequWe2krlkiEVL+pojv3YRcKMsGQ==",
      "dependencies": {
        "@babel/runtime": "^7.7.4",
        "@erebos/rpc-stream": "^0.11.0",
        "@erebos/transport-ws-node": "^0.10.0"
      }
    },
    "node_modules/@erebos/swarm-node": {
      "version": "0.13.0",
      "resolved": "https://registry.npmjs.org/@erebos/swarm-node/-/swarm-node-0.13.0.tgz",
      "integrity": "sha512-n60Az2of+GMjOL3LIlhehTS2eEk3kVYr57HmUJc6oOsofv88VC55/lM2HKyjCxsIhiRXNgmIAUwigCe/xS1CZw==",
      "dependencies": {
        "@babel/runtime": "^7.8.3",
        "@erebos/bzz": "^0.13.0",
        "@erebos/bzz-node": "^0.13.0",
        "@erebos/client-base": "^0.11.0",
        "@erebos/pss": "^0.13.0",
        "@erebos/rpc-ipc": "^0.11.0",
        "@erebos/rpc-node": "^0.11.0",
        "@erebos/rpc-stream": "^0.11.0",
        "@erebos/rpc-ws-node": "^0.11.0",
        "node-fetch": "^2.6.0"
      }
    },
    "node_modules/@erebos/transport-http-node": {
      "version": "0.10.0",
      "resolved": "https://registry.npmjs.org/@erebos/transport-http-node/-/transport-http-node-0.10.0.tgz",
      "integrity": "sha512-Bi0HxhdgoPs2XNzWti6t5RbDAX00sJT3cElLpYVLxHBXxELKFq4v+rhcLtOBpVeIqVWa8RAWZjtA/pzD1RltYA==",
      "dependencies": {
        "@babel/runtime": "^7.6.2",
        "node-fetch": "^2.6.0"
      }
    },
    "node_modules/@erebos/transport-ipc": {
      "version": "0.10.0",
      "resolved": "https://registry.npmjs.org/@erebos/transport-ipc/-/transport-ipc-0.10.0.tgz",
      "integrity": "sha512-Zd4HNv+GqMMzuOFwvygiOdUdJ2luq8MMoRvkr2hHq8qh2jYVssT+OCLrs3r6dRvprxRIXKjJxhJsvzBDEhxvjA==",
      "dependencies": {
        "@babel/runtime": "^7.6.2",
        "rx-socket": "^0.5.0",
        "rxjs": "^6.5.3"
      }
    },
    "node_modules/@erebos/transport-ws-node": {
      "version": "0.10.0",
      "resolved": "https://registry.npmjs.org/@erebos/transport-ws-node/-/transport-ws-node-0.10.0.tgz",
      "integrity": "sha512-tdxA5mymbVJQcfPflTQ5+Ud/d/CPuzwqv3eLlyxy5uTBPUIcVn3RjMzqh2TCe3qMNbeRBFDV/T17ecrllhkSoA==",
      "dependencies": {
        "@babel/runtime": "^7.6.2",
        "rxjs": "^6.5.3",
        "ws": "^7.1.2"
      }
    },
    "node_modules/asynckit": {
      "version": "0.4.0",
      "resolved": "https://registry.npmjs.org/asynckit/-/asynckit-0.4.0.tgz",
      "integrity": "sha512-Oei9OH4tRh0YqU3GxhX79dM/mwVgvbZJaSNaRk+bshkj0S5cfHcgYakreBjrHwatXKbz+IoIdYLxrKim2MjW0Q=="
    },
    "node_modules/base64-js": {
      "version": "1.5.1",
      "resolved": "https://registry.npmjs.org/base64-js/-/base64-js-1.5.1.tgz",
      "integrity": "sha512-AKpaYlHn8t4SVbOHCy+b5+KKgvR4vrsD8vbvrbiQJps7fKDTkjkDry6ji0rUJjC0kzbNePLwzxq8iypo41qeWA==",
      "funding": [
        {
          "type": "github",
          "url": "https://github.com/sponsors/feross"
        },
        {
          "type": "patreon",
          "url": "https://www.patreon.com/feross"
        },
        {
          "type": "consulting",
          "url": "https://feross.org/support"
        }
      ]
    },
    "node_modules/bl": {
      "version": "4.1.0",
      "resolved": "https://registry.npmjs.org/bl/-/bl-4.1.0.tgz",
      "integrity": "sha512-1W07cM9gS6DcLperZfFSj+bWLtaPGSOHWhPiGzXmvVJbRLdG82sH/Kn8EtW1VqWVA54AKf2h5k5BbnIbwF3h6w==",
      "dependencies": {
        "buffer": "^5.5.0",
        "inherits": "^2.0.4",
        "readable-stream": "^3.4.0"
      }
    },
    "node_modules/buffer": {
      "version": "5.7.1",
      "resolved": "https://registry.npmjs.org/buffer/-/buffer-5.7.1.tgz",
      "integrity": "sha512-EHcyIPBQ4BSGlvjB16k5KgAJ27CIsHY/2JBmCRReo48y9rQ3MaUzWX3KVlBa4U7MyX02HdVj0K7C3WaB3ju7FQ==",
      "funding": [
        {
          "type": "github",
          "url": "https://github.com/sponsors/feross"
        },
        {
          "type": "patreon",
          "url": "https://www.patreon.com/feross"
        },
        {
          "type": "consulting",
          "url": "https://feross.org/support"
        }
      ],
      "dependencies": {
        "base64-js": "^1.3.1",
        "ieee754": "^1.1.13"
      }
    },
    "node_modules/cli-color": {
      "version": "2.0.1",
      "resolved": "https://registry.npmjs.org/cli-color/-/cli-color-2.0.1.tgz",
      "integrity": "sha512-eBbxZF6fqPUNnf7CLAFOersUnyYzv83tHFLSlts+OAHsNendaqv2tHCq+/MO+b3Y+9JeoUlIvobyxG/Z8GNeOg==",
      "dependencies": {
        "d": "^1.0.1",
        "es5-ext": "^0.10.53",
        "es6-iterator": "^2.0.3",
        "memoizee": "^0.4.15",
        "timers-ext": "^0.1.7"
      },
      "engines": {
        "node": ">=0.10"
      }
    },
    "node_modules/combined-stream": {
      "version": "1.0.8",
      "resolved": "https://registry.npmjs.org/combined-stream/-/combined-stream-1.0.8.tgz",
      "integrity": "sha512-FQN4MRfuJeHf7cBbBMJFXhKSDq+2kAArBlmRBvcvFE5BB1HZKXtSFASDhdlz9zOYwxh8lDdnvmMOe/+5cdoEdg==",
      "dependencies": {
        "delayed-stream": "~1.0.0"
      },
      "engines": {
        "node": ">= 0.8"
      }
    },
    "node_modules/crypto-js": {
      "version": "4.1.1",
      "resolved": "https://registry.npmjs.org/crypto-js/-/crypto-js-4.1.1.tgz",
      "integrity": "sha512-o2JlM7ydqd3Qk9CA0L4NL6mTzU2sdx96a+oOfPu8Mkl/PK51vSyoi8/rQ8NknZtk44vq15lmhAj9CIAGwgeWKw=="
    },
    "node_modules/d": {
      "version": "1.0.1",
      "resolved": "https://registry.npmjs.org/d/-/d-1.0.1.tgz",
      "integrity": "sha512-m62ShEObQ39CfralilEQRjH6oAMtNCV1xJyEx5LpRYUVN+EviphDgUc/F3hnYbADmkiNs67Y+3ylmlG7Lnu+FA==",
      "dependencies": {
        "es5-ext": "^0.10.50",
        "type": "^1.0.1"
      }
    },
    "node_modules/delayed-stream": {
      "version": "1.0.0",
      "resolved": "https://registry.npmjs.org/delayed-stream/-/delayed-stream-1.0.0.tgz",
      "integrity": "sha512-ZySD7Nf91aLB0RxL4KGrKHBXl7Eds1DAmEdcoVawXnLD7SDhpNgtuII2aAkg7a7QS41jxPSZ17p4VdGnMHk3MQ==",
      "engines": {
        "node": ">=0.4.0"
      }
    },
    "node_modules/end-of-stream": {
      "version": "1.4.4",
      "resolved": "https://registry.npmjs.org/end-of-stream/-/end-of-stream-1.4.4.tgz",
      "integrity": "sha512-+uw1inIHVPQoaVuHzRyXd21icM+cnt4CzD5rW+NC1wjOUSTOs+Te7FOv7AhN7vS9x/oIyhLP5PR1H+phQAHu5Q==",
      "dependencies": {
        "once": "^1.4.0"
      }
    },
    "node_modules/es5-ext": {
      "version": "0.10.59",
      "resolved": "https://registry.npmjs.org/es5-ext/-/es5-ext-0.10.59.tgz",
      "integrity": "sha512-cOgyhW0tIJyQY1Kfw6Kr0viu9ZlUctVchRMZ7R0HiH3dxTSp5zJDLecwxUqPUrGKMsgBI1wd1FL+d9Jxfi4cLw==",
      "hasInstallScript": true,
      "dependencies": {
        "es6-iterator": "^2.0.3",
        "es6-symbol": "^3.1.3",
        "next-tick": "^1.1.0"
      },
      "engines": {
        "node": ">=0.10"
      }
    },
    "node_modules/es6-iterator": {
      "version": "2.0.3",
      "resolved": "https://registry.npmjs.org/es6-iterator/-/es6-iterator-2.0.3.tgz",
      "integrity": "sha1-p96IkUGgWpSwhUQDstCg+/qY87c=",
      "dependencies": {
        "d": "1",
        "es5-ext": "^0.10.35",
        "es6-symbol": "^3.1.1"
      }
    },
    "node_modules/es6-symbol": {
      "version": "3.1.3",
      "resolved": "https://registry.npmjs.org/es6-symbol/-/es6-symbol-3.1.3.tgz",
      "integrity": "sha512-NJ6Yn3FuDinBaBRWl/q5X/s4koRHBrgKAu+yGI6JCBeiu3qrcbJhwT2GeR/EXVfylRk8dpQVJoLEFhK+Mu31NA==",
      "dependencies": {
        "d": "^1.0.1",
        "ext": "^1.1.2"
      }
    },
    "node_modules/es6-weak-map": {
      "version": "2.0.3",
      "resolved": "https://registry.npmjs.org/es6-weak-map/-/es6-weak-map-2.0.3.tgz",
      "integrity": "sha512-p5um32HOTO1kP+w7PRnB+5lQ43Z6muuMuIMffvDN8ZB4GcnjLBV6zGStpbASIMk4DCAvEaamhe2zhyCb/QXXsA==",
      "dependencies": {
        "d": "1",
        "es5-ext": "^0.10.46",
        "es6-iterator": "^2.0.3",
        "es6-symbol": "^3.1.1"
      }
    },
    "node_modules/event-emitter": {
      "version": "0.3.5",
      "resolved": "https://registry.npmjs.org/event-emitter/-/event-emitter-0.3.5.tgz",
      "integrity": "sha1-34xp7vFkeSPHFXuc6DhAYQsCzDk=",
      "dependencies": {
        "d": "1",
        "es5-ext": "~0.10.14"
      }
    },
    "node_modules/ext": {
      "version": "1.6.0",
      "resolved": "https://registry.npmjs.org/ext/-/ext-1.6.0.tgz",
      "integrity": "sha512-sdBImtzkq2HpkdRLtlLWDa6w4DX22ijZLKx8BMPUuKe1c5lbN6xwQDQCxSfxBQnHZ13ls/FH0MQZx/q/gr6FQg==",
      "dependencies": {
        "type": "^2.5.0"
      }
    },
    "node_modules/ext/node_modules/type": {
      "version": "2.6.0",
      "resolved": "https://registry.npmjs.org/type/-/type-2.6.0.tgz",
      "integrity": "sha512-eiDBDOmkih5pMbo9OqsqPRGMljLodLcwd5XD5JbtNB0o89xZAwynY9EdCDsJU7LtcVCClu9DvM7/0Ep1hYX3EQ=="
    },
    "node_modules/form-data": {
      "version": "3.0.1",
      "resolved": "https://registry.npmjs.org/form-data/-/form-data-3.0.1.tgz",
      "integrity": "sha512-RHkBKtLWUVwd7SqRIvCZMEvAMoGUp0XU+seQiZejj0COz3RI3hWP4sCv3gZWWLjJTd7rGwcsF5eKZGii0r/hbg==",
      "dependencies": {
        "asynckit": "^0.4.0",
        "combined-stream": "^1.0.8",
        "mime-types": "^2.1.12"
      },
      "engines": {
        "node": ">= 6"
      }
    },
    "node_modules/fs-constants": {
      "version": "1.0.0",
      "resolved": "https://registry.npmjs.org/fs-constants/-/fs-constants-1.0.0.tgz",
      "integrity": "sha512-y6OAwoSIf7FyjMIv94u+b5rdheZEjzR63GTyZJm5qh4Bi+2YgwLCcI/fPFZkL5PSixOt6ZNKm+w+Hfp/Bciwow=="
    },
    "node_modules/get-port": {
      "version": "5.1.1",
      "resolved": "https://registry.npmjs.org/get-port/-/get-port-5.1.1.tgz",
      "integrity": "sha512-g/Q1aTSDOxFpchXC4i8ZWvxA1lnPqx/JHqcpIw0/LX9T8x/GBbi6YnlN5nhaKIFkT8oFsscUKgDJYxfwfS6QsQ==",
      "engines": {
        "node": ">=8"
      },
      "funding": {
        "url": "https://github.com/sponsors/sindresorhus"
      }
    },
    "node_modules/http-https": {
      "version": "1.0.0",
      "resolved": "https://registry.npmjs.org/http-https/-/http-https-1.0.0.tgz",
      "integrity": "sha512-o0PWwVCSp3O0wS6FvNr6xfBCHgt0m1tvPLFOCc2iFDKTRAXhB7m8klDf7ErowFH8POa6dVdGatKU5I1YYwzUyg=="
    },
    "node_modules/ieee754": {
      "version": "1.2.1",
      "resolved": "https://registry.npmjs.org/ieee754/-/ieee754-1.2.1.tgz",
      "integrity": "sha512-dcyqhDvX1C46lXZcVqCpK+FtMRQVdIMN6/Df5js2zouUsqG7I6sFxitIC+7KYK29KdXOLHdu9zL4sFnoVQnqaA==",
      "funding": [
        {
          "type": "github",
          "url": "https://github.com/sponsors/feross"
        },
        {
          "type": "patreon",
          "url": "https://www.patreon.com/feross"
        },
        {
          "type": "consulting",
          "url": "https://feross.org/support"
        }
      ]
    },
    "node_modules/inherits": {
      "version": "2.0.4",
      "resolved": "https://registry.npmjs.org/inherits/-/inherits-2.0.4.tgz",
      "integrity": "sha512-k/vGaX4/Yla3WzyMCvTQOXYeIHvqOKtnqBduzTHpzpQZzAskKMhZ2K+EnBiSM9zGSoIFeMpXKxa4dYeZIQqewQ=="
    },
    "node_modules/is-promise": {
      "version": "2.2.2",
      "resolved": "https://registry.npmjs.org/is-promise/-/is-promise-2.2.2.tgz",
      "integrity": "sha512-+lP4/6lKUBfQjZ2pdxThZvLUAafmZb8OAxFb8XXtiQmS35INgr85hdOGoEs124ez1FCnZJt6jau/T+alh58QFQ=="
    },
    "node_modules/lru-queue": {
      "version": "0.1.0",
      "resolved": "https://registry.npmjs.org/lru-queue/-/lru-queue-0.1.0.tgz",
      "integrity": "sha1-Jzi9nw089PhEkMVzbEhpmsYyzaM=",
      "dependencies": {
        "es5-ext": "~0.10.2"
      }
    },
    "node_modules/memoizee": {
      "version": "0.4.15",
      "resolved": "https://registry.npmjs.org/memoizee/-/memoizee-0.4.15.tgz",
      "integrity": "sha512-UBWmJpLZd5STPm7PMUlOw/TSy972M+z8gcyQ5veOnSDRREz/0bmpyTfKt3/51DhEBqCZQn1udM/5flcSPYhkdQ==",
      "dependencies": {
        "d": "^1.0.1",
        "es5-ext": "^0.10.53",
        "es6-weak-map": "^2.0.3",
        "event-emitter": "^0.3.5",
        "is-promise": "^2.2.2",
        "lru-queue": "^0.1.0",
        "next-tick": "^1.1.0",
        "timers-ext": "^0.1.7"
      }
    },
    "node_modules/mime-db": {
      "version": "1.52.0",
      "resolved": "https://registry.npmjs.org/mime-db/-/mime-db-1.52.0.tgz",
      "integrity": "sha512-sPU4uV7dYlvtWJxwwxHD0PuihVNiE7TyAbQ5SWxDCB9mUYvOgroQOwYQQOKPJ8CIbE+1ETVlOoK1UC2nU3gYvg==",
      "engines": {
        "node": ">= 0.6"
      }
    },
    "node_modules/mime-types": {
      "version": "2.1.35",
      "resolved": "https://registry.npmjs.org/mime-types/-/mime-types-2.1.35.tgz",
      "integrity": "sha512-ZDY+bPm5zTTF+YpCrAU9nK0UgICYPT0QtT1NZWFv4s++TNkcgVaT0g6+4R2uI4MjQjzysHB1zxuWL50hzaeXiw==",
      "dependencies": {
        "mime-db": "1.52.0"
      },
      "engines": {
        "node": ">= 0.6"
      }
    },
    "node_modules/nanoid": {
      "version": "2.1.11",
      "resolved": "https://registry.npmjs.org/nanoid/-/nanoid-2.1.11.tgz",
      "integrity": "sha512-s/snB+WGm6uwi0WjsZdaVcuf3KJXlfGl2LcxgwkEwJF0D/BWzVWAZW/XY4bFaiR7s0Jk3FPvlnepg1H1b1UwlA=="
    },
    "node_modules/next-tick": {
      "version": "1.1.0",
      "resolved": "https://registry.npmjs.org/next-tick/-/next-tick-1.1.0.tgz",
      "integrity": "sha512-CXdUiJembsNjuToQvxayPZF9Vqht7hewsvy2sOWafLvi2awflj9mOC6bHIg50orX8IJvWKY9wYQ/zB2kogPslQ=="
    },
    "node_modules/node-fetch": {
      "version": "2.6.7",
      "resolved": "https://registry.npmjs.org/node-fetch/-/node-fetch-2.6.7.tgz",
      "integrity": "sha512-ZjMPFEfVx5j+y2yF35Kzx5sF7kDzxuDj6ziH4FFbOp87zKDZNx8yExJIb05OGF4Nlt9IHFIMBkRl41VdvcNdbQ==",
      "dependencies": {
        "whatwg-url": "^5.0.0"
      },
      "engines": {
        "node": "4.x || >=6.0.0"
      },
      "peerDependencies": {
        "encoding": "^0.1.0"
      },
      "peerDependenciesMeta": {
        "encoding": {
          "optional": true
        }
      }
    },
    "node_modules/oboe": {
      "version": "2.1.5",
      "resolved": "https://registry.npmjs.org/oboe/-/oboe-2.1.5.tgz",
      "integrity": "sha512-zRFWiF+FoicxEs3jNI/WYUrVEgA7DeET/InK0XQuudGHRg8iIob3cNPrJTKaz4004uaA9Pbe+Dwa8iluhjLZWA==",
      "dependencies": {
        "http-https": "^1.0.0"
      }
    },
    "node_modules/once": {
      "version": "1.4.0",
      "resolved": "https://registry.npmjs.org/once/-/once-1.4.0.tgz",
      "integrity": "sha512-lNaJgI+2Q5URQBkccEKHTQOPaXdUxnZZElQTZY0MFUAuaEqe1E+Nyvgdz/aIyNi6Z9MzO5dv1H8n58/GELp3+w==",
      "dependencies": {
        "wrappy": "1"
      }
    },
    "node_modules/readable-stream": {
      "version": "3.6.0",
      "resolved": "https://registry.npmjs.org/readable-stream/-/readable-stream-3.6.0.tgz",
      "integrity": "sha512-BViHy7LKeTz4oNnkcLJ+lVSL6vpiFeX6/d3oSH8zCW7UxP2onchk+vTGB143xuFjHS3deTgkKoXXymXqymiIdA==",
      "dependencies": {
        "inherits": "^2.0.3",
        "string_decoder": "^1.1.1",
        "util-deprecate": "^1.0.1"
      },
      "engines": {
        "node": ">= 6"
      }
    },
    "node_modules/regenerator-runtime": {
      "version": "0.13.9",
      "resolved": "https://registry.npmjs.org/regenerator-runtime/-/regenerator-runtime-0.13.9.tgz",
      "integrity": "sha512-p3VT+cOEgxFsRRA9X4lkI1E+k2/CtnKtU4gcxyaCUreilL/vqI6CdZ3wxVUx3UOUg+gnUOQQcRI7BmSI656MYA=="
    },
    "node_modules/rx-socket": {
      "version": "0.5.0",
      "resolved": "https://registry.npmjs.org/rx-socket/-/rx-socket-0.5.0.tgz",
      "integrity": "sha512-5wRdByrd4Y11XK+n8zyBMVK07jQaX7NPQblWLBDnps66vu8DyIIgLWgQVJTy/8VUmwpogLyG7ghCVHa9XRfULQ==",
      "dependencies": {
        "oboe": "^2.1.4"
      },
      "peerDependencies": {
        "rxjs": "^6.0.0"
      }
    },
    "node_modules/rxjs": {
      "version": "6.6.7",
      "resolved": "https://registry.npmjs.org/rxjs/-/rxjs-6.6.7.tgz",
      "integrity": "sha512-hTdwr+7yYNIT5n4AMYp85KA6yw2Va0FLa3Rguvbpa4W3I5xynaBZo41cM3XM+4Q6fRMj3sBYIR1VAmZMXYJvRQ==",
      "dependencies": {
        "tslib": "^1.9.0"
      },
      "engines": {
        "npm": ">=2.0.0"
      }
    },
    "node_modules/safe-buffer": {
      "version": "5.2.1",
      "resolved": "https://registry.npmjs.org/safe-buffer/-/safe-buffer-5.2.1.tgz",
      "integrity": "sha512-rp3So07KcdmmKbGvgaNxQSJr7bGVSVk5S9Eq1F+ppbRo70+YeaDxkw5Dd8NPN+GD6bjnYm2VuPuCXmpuYvmCXQ==",
      "funding": [
        {
          "type": "github",
          "url": "https://github.com/sponsors/feross"
        },
        {
          "type": "patreon",
          "url": "https://www.patreon.com/feross"
        },
        {
          "type": "consulting",
          "url": "https://feross.org/support"
        }
      ]
    },
    "node_modules/string_decoder": {
      "version": "1.3.0",
      "resolved": "https://registry.npmjs.org/string_decoder/-/string_decoder-1.3.0.tgz",
      "integrity": "sha512-hkRX8U1WjJFd8LsDJ2yQ/wWWxaopEsABU1XfkM8A+j0+85JAGppt16cr1Whg6KIbb4okU6Mql6BOj+uup/wKeA==",
      "dependencies": {
        "safe-buffer": "~5.2.0"
      }
    },
    "node_modules/tar-stream": {
      "version": "2.2.0",
      "resolved": "https://registry.npmjs.org/tar-stream/-/tar-stream-2.2.0.tgz",
      "integrity": "sha512-ujeqbceABgwMZxEJnk2HDY2DlnUZ+9oEcb1KzTVfYHio0UE6dG71n60d8D2I4qNvleWrrXpmjpt7vZeF1LnMZQ==",
      "dependencies": {
        "bl": "^4.0.3",
        "end-of-stream": "^1.4.1",
        "fs-constants": "^1.0.0",
        "inherits": "^2.0.3",
        "readable-stream": "^3.1.1"
      },
      "engines": {
        "node": ">=6"
      }
    },
    "node_modules/timers-ext": {
      "version": "0.1.7",
      "resolved": "https://registry.npmjs.org/timers-ext/-/timers-ext-0.1.7.tgz",
      "integrity": "sha512-b85NUNzTSdodShTIbky6ZF02e8STtVVfD+fu4aXXShEELpozH+bCpJLYMPZbsABN2wDH7fJpqIoXxJpzbf0NqQ==",
      "dependencies": {
        "es5-ext": "~0.10.46",
        "next-tick": "1"
      }
    },
    "node_modules/tr46": {
      "version": "0.0.3",
      "resolved": "https://registry.npmjs.org/tr46/-/tr46-0.0.3.tgz",
      "integrity": "sha512-N3WMsuqV66lT30CrXNbEjx4GEwlow3v6rr4mCcv6prnfwhS01rkgyFdjPNBYd9br7LpXV1+Emh01fHnq2Gdgrw=="
    },
    "node_modules/tslib": {
      "version": "1.14.1",
      "resolved": "https://registry.npmjs.org/tslib/-/tslib-1.14.1.tgz",
      "integrity": "sha512-Xni35NKzjgMrwevysHTCArtLDpPvye8zV/0E4EyYn43P7/7qvQwPh9BGkHewbMulVntbigmcT7rdX3BNo9wRJg=="
    },
    "node_modules/type": {
      "version": "1.2.0",
      "resolved": "https://registry.npmjs.org/type/-/type-1.2.0.tgz",
      "integrity": "sha512-+5nt5AAniqsCnu2cEQQdpzCAh33kVx8n0VoFidKpB1dVVLAN/F+bgVOqOJqOnEnrhp222clB5p3vUlD+1QAnfg=="
    },
    "node_modules/util-deprecate": {
      "version": "1.0.2",
      "resolved": "https://registry.npmjs.org/util-deprecate/-/util-deprecate-1.0.2.tgz",
      "integrity": "sha512-EPD5q1uXyFxJpCrLnCc1nHnq3gOa6DZBocAIiI2TaSCA7VCJ1UJDMagCzIkXNsUYfD1daK//LTEQ8xiIbrHtcw=="
    },
    "node_modules/webidl-conversions": {
      "version": "3.0.1",
      "resolved": "https://registry.npmjs.org/webidl-conversions/-/webidl-conversions-3.0.1.tgz",
      "integrity": "sha512-2JAn3z8AR6rjK8Sm8orRC0h/bcl/DqL7tRPdGZ4I1CjdF+EaMLmYxBHyXuKL849eucPFhvBoxMsflfOb8kxaeQ=="
    },
    "node_modules/whatwg-url": {
      "version": "5.0.0",
      "resolved": "https://registry.npmjs.org/whatwg-url/-/whatwg-url-5.0.0.tgz",
      "integrity": "sha512-saE57nupxk6v3HY35+jzBwYa0rKSy0XR8JSxZPwgLr7ys0IBzhGviA1/TUGJLmSVqs8pb9AnvICXEuOHLprYTw==",
      "dependencies": {
        "tr46": "~0.0.3",
        "webidl-conversions": "^3.0.0"
      }
    },
    "node_modules/wrappy": {
      "version": "1.0.2",
      "resolved": "https://registry.npmjs.org/wrappy/-/wrappy-1.0.2.tgz",
      "integrity": "sha512-l4Sp/DRseor9wL6EvV2+TuQn63dMkPjZ/sp9XkghTEbV9KlPS1xUsZ3u7/IQO4wxtcFB4bgpQPRcR3QCvezPcQ=="
    },
    "node_modules/ws": {
      "version": "7.5.9",
      "resolved": "https://registry.npmjs.org/ws/-/ws-7.5.9.tgz",
      "integrity": "sha512-F+P9Jil7UiSKSkppIiD94dN07AwvFixvLIj1Og1Rl9GGMuNipJnV9JzjD6XuqmAeiswGvUmNLjr5cFuXwNS77Q==",
      "engines": {
        "node": ">=8.3.0"
      },
      "peerDependencies": {
        "bufferutil": "^4.0.1",
        "utf-8-validate": "^5.0.2"
      },
      "peerDependenciesMeta": {
        "bufferutil": {
          "optional": true
        },
        "utf-8-validate": {
          "optional": true
        }
      }
    }
  },
  "dependencies": {
    "@babel/runtime": {
      "version": "7.18.9",
      "resolved": "https://registry.npmjs.org/@babel/runtime/-/runtime-7.18.9.tgz",
      "integrity": "sha512-lkqXDcvlFT5rvEjiu6+QYO+1GXrEHRo2LOtS7E4GtX5ESIZOgepqsZBVIj6Pv+a6zqsya9VCgiK1KAK4BvJDAw==",
      "requires": {
        "regenerator-runtime": "^0.13.4"
      }
    },
    "@erebos/bzz": {
      "version": "0.13.0",
      "resolved": "https://registry.npmjs.org/@erebos/bzz/-/bzz-0.13.0.tgz",
      "integrity": "sha512-ETjXxeNzT7wGofz0CcrNEc/dLeLg0DALuxpMymrzK+AvLvP8PZUfiFn+tZoupSMGaLldfSLJXweOfs3BimVaRg==",
      "requires": {
        "@babel/runtime": "^7.8.3"
      }
    },
    "@erebos/bzz-node": {
      "version": "0.13.0",
      "resolved": "https://registry.npmjs.org/@erebos/bzz-node/-/bzz-node-0.13.0.tgz",
      "integrity": "sha512-Mmo9awJG/Agj6lPqicj8VRdUELoT9pP2xIVniaoUqIMMZkf+lswXFylkyH578ZCNaehyZTTttaXS5WA+T9UVyA==",
      "requires": {
        "@babel/runtime": "^7.8.3",
        "@erebos/bzz": "^0.13.0",
        "form-data": "^3.0.0",
        "node-fetch": "^2.6.0",
        "tar-stream": "^2.1.0"
      }
    },
    "@erebos/client-base": {
      "version": "0.11.0",
      "resolved": "https://registry.npmjs.org/@erebos/client-base/-/client-base-0.11.0.tgz",
      "integrity": "sha512-1w6BMRywAb6efrmFQY8plsYn+wOOJMdKuL2Jq7X87ssLFJHsBPy9+LDTKnx2ghaZxgUSXVoxzoZ23aiJH63AGw==",
      "requires": {
        "@babel/runtime": "^7.7.4",
        "@erebos/rpc-base": "^0.10.0",
        "@erebos/rpc-stream": "^0.11.0"
      }
    },
    "@erebos/hex": {
      "version": "0.13.0",
      "resolved": "https://registry.npmjs.org/@erebos/hex/-/hex-0.13.0.tgz",
      "integrity": "sha512-aKHoLiWX+LeejzHrkM8I52G1EbZGqA/JgmqscrVDJAabjvXgDyaa7fES9218th0D9c115C4pv5mxxNKCoaADpA==",
      "requires": {
        "@babel/runtime": "^7.8.3"
      }
    },
    "@erebos/pss": {
      "version": "0.13.0",
      "resolved": "https://registry.npmjs.org/@erebos/pss/-/pss-0.13.0.tgz",
      "integrity": "sha512-+94j7oqf7GuSiI/VEwsXSuB/3JKplF7Kx5u31W/uIQiYuy4000WDMMlC7LPAi9Ns9E5e9pEkjN7ba9dO/JFlIw==",
      "requires": {
        "@babel/runtime": "^7.8.3",
        "@erebos/hex": "^0.13.0",
        "@erebos/rpc-stream": "^0.11.0",
        "rxjs": "^6.5.4"
      }
    },
    "@erebos/rpc-base": {
      "version": "0.10.0",
      "resolved": "https://registry.npmjs.org/@erebos/rpc-base/-/rpc-base-0.10.0.tgz",
      "integrity": "sha512-cm+y5iILyDxkOhk+klnlCNRALYfWJhzaqKR2BqFZC4qjEmRQHukq7CmDhh+YF0aiFa1tfHF97/W+42+4vGXgJw==",
      "requires": {
        "@babel/runtime": "^7.6.2",
        "nanoid": "^2.1.1"
      }
    },
    "@erebos/rpc-error": {
      "version": "0.10.0",
      "resolved": "https://registry.npmjs.org/@erebos/rpc-error/-/rpc-error-0.10.0.tgz",
      "integrity": "sha512-w1nzVry+tKyM5mOFtY1fFf/z12N5gHdPWnlKr3QCPdH15gHZD9OhVlaioGRo/oUCbjPrrbdflkdAJMYZsu40tA==",
      "requires": {
        "@babel/runtime": "^7.6.2",
        "@erebos/rpc-base": "^0.10.0"
      }
    },
    "@erebos/rpc-http-node": {
      "version": "0.11.0",
      "resolved": "https://registry.npmjs.org/@erebos/rpc-http-node/-/rpc-http-node-0.11.0.tgz",
      "integrity": "sha512-YT0l5aLtDBB6UaJeSg64xlFjtGfk8bPxT0+6VtGhZPq3sdQ1xXUROzJSJNFI3bXFBdSv3+vOfMkGuGf8f7j6Iw==",
      "requires": {
        "@babel/runtime": "^7.7.4",
        "@erebos/rpc-request": "^0.11.0",
        "@erebos/transport-http-node": "^0.10.0"
      }
    },
    "@erebos/rpc-ipc": {
      "version": "0.11.0",
      "resolved": "https://registry.npmjs.org/@erebos/rpc-ipc/-/rpc-ipc-0.11.0.tgz",
      "integrity": "sha512-bPUtWWM1AoSZSMbLwvp2mVLfbZYviiOSOsld5aJuCO1w31yitAiT7BaIyEwxGo+PyG+f/mHmdzsiGXpCviXYPQ==",
      "requires": {
        "@babel/runtime": "^7.7.4",
        "@erebos/rpc-stream": "^0.11.0",
        "@erebos/transport-ipc": "^0.10.0",
        "rxjs": "^6.5.3"
      }
    },
    "@erebos/rpc-node": {
      "version": "0.11.0",
      "resolved": "https://registry.npmjs.org/@erebos/rpc-node/-/rpc-node-0.11.0.tgz",
      "integrity": "sha512-DEmnvEDQ2S9of538IgWsjI6J8FE5LWbx2rbpdRXkdLEojPSrM1oEu1nYtezysPoZW65KxXOKDnAResyd61UynA==",
      "requires": {
        "@babel/runtime": "^7.7.4",
        "@erebos/rpc-http-node": "^0.11.0",
        "@erebos/rpc-ipc": "^0.11.0",
        "@erebos/rpc-ws-node": "^0.11.0",
        "rxjs": "^6.5.3"
      }
    },
    "@erebos/rpc-request": {
      "version": "0.11.0",
      "resolved": "https://registry.npmjs.org/@erebos/rpc-request/-/rpc-request-0.11.0.tgz",
      "integrity": "sha512-BqPilyIJTSsI+CSGupLNCs7qnz2gVSP36xhihCLzL597Nj+rqKJykNjMbYJ3aOTj0jW0gx6PdwgRwdd1wwNYoA==",
      "requires": {
        "@babel/runtime": "^7.7.4",
        "@erebos/rpc-base": "^0.10.0",
        "@erebos/rpc-error": "^0.10.0"
      }
    },
    "@erebos/rpc-stream": {
      "version": "0.11.0",
      "resolved": "https://registry.npmjs.org/@erebos/rpc-stream/-/rpc-stream-0.11.0.tgz",
      "integrity": "sha512-duNWf6tDQ2gjqiLhGrL45nV6Zl0P3acQvtoDEVjQA8wchwCspc59Crq+IrJ2coVN7kOdgIKB9AqvSbGE+pPZEA==",
      "requires": {
        "@babel/runtime": "^7.7.4",
        "@erebos/rpc-base": "^0.10.0",
        "@erebos/rpc-error": "^0.10.0",
        "rxjs": "^6.5.3"
      }
    },
    "@erebos/rpc-ws-node": {
      "version": "0.11.0",
      "resolved": "https://registry.npmjs.org/@erebos/rpc-ws-node/-/rpc-ws-node-0.11.0.tgz",
      "integrity": "sha512-9SbnhDNUlIpJuejNAZ/yz9H/qsf7AAaYQksGotwmnrTOyPxoEdrs+DLBOxequWe2krlkiEVL+pojv3YRcKMsGQ==",
      "requires": {
        "@babel/runtime": "^7.7.4",
        "@erebos/rpc-stream": "^0.11.0",
        "@erebos/transport-ws-node": "^0.10.0"
      }
    },
    "@erebos/swarm-node": {
      "version": "0.13.0",
      "resolved": "https://registry.npmjs.org/@erebos/swarm-node/-/swarm-node-0.13.0.tgz",
      "integrity": "sha512-n60Az2of+GMjOL3LIlhehTS2eEk3kVYr57HmUJc6oOsofv88VC55/lM2HKyjCxsIhiRXNgmIAUwigCe/xS1CZw==",
      "requires": {
        "@babel/runtime": "^7.8.3",
        "@erebos/bzz": "^0.13.0",
        "@erebos/bzz-node": "^0.13.0",
        "@erebos/client-base": "^0.11.0",
        "@erebos/pss": "^0.13.0",
        "@erebos/rpc-ipc": "^0.11.0",
        "@erebos/rpc-node": "^0.11.0",
        "@erebos/rpc-stream": "^0.11.0",
        "@erebos/rpc-ws-node": "^0.11.0",
        "node-fetch": "^2.6.0"
      }
    },
    "@erebos/transport-http-node": {
      "version": "0.10.0",
      "resolved": "https://registry.npmjs.org/@erebos/transport-http-node/-/transport-http-node-0.10.0.tgz",
      "integrity": "sha512-Bi0HxhdgoPs2XNzWti6t5RbDAX00sJT3cElLpYVLxHBXxELKFq4v+rhcLtOBpVeIqVWa8RAWZjtA/pzD1RltYA==",
      "requires": {
        "@babel/runtime": "^7.6.2",
        "node-fetch": "^2.6.0"
      }
    },
    "@erebos/transport-ipc": {
      "version": "0.10.0",
      "resolved": "https://registry.npmjs.org/@erebos/transport-ipc/-/transport-ipc-0.10.0.tgz",
      "integrity": "sha512-Zd4HNv+GqMMzuOFwvygiOdUdJ2luq8MMoRvkr2hHq8qh2jYVssT+OCLrs3r6dRvprxRIXKjJxhJsvzBDEhxvjA==",
      "requires": {
        "@babel/runtime": "^7.6.2",
        "rx-socket": "^0.5.0",
        "rxjs": "^6.5.3"
      }
    },
    "@erebos/transport-ws-node": {
      "version": "0.10.0",
      "resolved": "https://registry.npmjs.org/@erebos/transport-ws-node/-/transport-ws-node-0.10.0.tgz",
      "integrity": "sha512-tdxA5mymbVJQcfPflTQ5+Ud/d/CPuzwqv3eLlyxy5uTBPUIcVn3RjMzqh2TCe3qMNbeRBFDV/T17ecrllhkSoA==",
      "requires": {
        "@babel/runtime": "^7.6.2",
        "rxjs": "^6.5.3",
        "ws": "^7.1.2"
      }
    },
    "asynckit": {
      "version": "0.4.0",
      "resolved": "https://registry.npmjs.org/asynckit/-/asynckit-0.4.0.tgz",
      "integrity": "sha512-Oei9OH4tRh0YqU3GxhX79dM/mwVgvbZJaSNaRk+bshkj0S5cfHcgYakreBjrHwatXKbz+IoIdYLxrKim2MjW0Q=="
    },
    "base64-js": {
      "version": "1.5.1",
      "resolved": "https://registry.npmjs.org/base64-js/-/base64-js-1.5.1.tgz",
      "integrity": "sha512-AKpaYlHn8t4SVbOHCy+b5+KKgvR4vrsD8vbvrbiQJps7fKDTkjkDry6ji0rUJjC0kzbNePLwzxq8iypo41qeWA=="
    },
    "bl": {
      "version": "4.1.0",
      "resolved": "https://registry.npmjs.org/bl/-/bl-4.1.0.tgz",
      "integrity": "sha512-1W07cM9gS6DcLperZfFSj+bWLtaPGSOHWhPiGzXmvVJbRLdG82sH/Kn8EtW1VqWVA54AKf2h5k5BbnIbwF3h6w==",
      "requires": {
        "buffer": "^5.5.0",
        "inherits": "^2.0.4",
        "readable-stream": "^3.4.0"
      }
    },
    "buffer": {
      "version": "5.7.1",
      "resolved": "https://registry.npmjs.org/buffer/-/buffer-5.7.1.tgz",
      "integrity": "sha512-EHcyIPBQ4BSGlvjB16k5KgAJ27CIsHY/2JBmCRReo48y9rQ3MaUzWX3KVlBa4U7MyX02HdVj0K7C3WaB3ju7FQ==",
      "requires": {
        "base64-js": "^1.3.1",
        "ieee754": "^1.1.13"
      }
    },
    "cli-color": {
      "version": "2.0.1",
      "resolved": "https://registry.npmjs.org/cli-color/-/cli-color-2.0.1.tgz",
      "integrity": "sha512-eBbxZF6fqPUNnf7CLAFOersUnyYzv83tHFLSlts+OAHsNendaqv2tHCq+/MO+b3Y+9JeoUlIvobyxG/Z8GNeOg==",
      "requires": {
        "d": "^1.0.1",
        "es5-ext": "^0.10.53",
        "es6-iterator": "^2.0.3",
        "memoizee": "^0.4.15",
        "timers-ext": "^0.1.7"
      }
    },
    "combined-stream": {
      "version": "1.0.8",
      "resolved": "https://registry.npmjs.org/combined-stream/-/combined-stream-1.0.8.tgz",
      "integrity": "sha512-FQN4MRfuJeHf7cBbBMJFXhKSDq+2kAArBlmRBvcvFE5BB1HZKXtSFASDhdlz9zOYwxh8lDdnvmMOe/+5cdoEdg==",
      "requires": {
        "delayed-stream": "~1.0.0"
      }
    },
    "crypto-js": {
      "version": "4.1.1",
      "resolved": "https://registry.npmjs.org/crypto-js/-/crypto-js-4.1.1.tgz",
      "integrity": "sha512-o2JlM7ydqd3Qk9CA0L4NL6mTzU2sdx96a+oOfPu8Mkl/PK51vSyoi8/rQ8NknZtk44vq15lmhAj9CIAGwgeWKw=="
    },
    "d": {
      "version": "1.0.1",
      "resolved": "https://registry.npmjs.org/d/-/d-1.0.1.tgz",
      "integrity": "sha512-m62ShEObQ39CfralilEQRjH6oAMtNCV1xJyEx5LpRYUVN+EviphDgUc/F3hnYbADmkiNs67Y+3ylmlG7Lnu+FA==",
      "requires": {
        "es5-ext": "^0.10.50",
        "type": "^1.0.1"
      }
    },
    "delayed-stream": {
      "version": "1.0.0",
      "resolved": "https://registry.npmjs.org/delayed-stream/-/delayed-stream-1.0.0.tgz",
      "integrity": "sha512-ZySD7Nf91aLB0RxL4KGrKHBXl7Eds1DAmEdcoVawXnLD7SDhpNgtuII2aAkg7a7QS41jxPSZ17p4VdGnMHk3MQ=="
    },
    "end-of-stream": {
      "version": "1.4.4",
      "resolved": "https://registry.npmjs.org/end-of-stream/-/end-of-stream-1.4.4.tgz",
      "integrity": "sha512-+uw1inIHVPQoaVuHzRyXd21icM+cnt4CzD5rW+NC1wjOUSTOs+Te7FOv7AhN7vS9x/oIyhLP5PR1H+phQAHu5Q==",
      "requires": {
        "once": "^1.4.0"
      }
    },
    "es5-ext": {
      "version": "0.10.59",
      "resolved": "https://registry.npmjs.org/es5-ext/-/es5-ext-0.10.59.tgz",
      "integrity": "sha512-cOgyhW0tIJyQY1Kfw6Kr0viu9ZlUctVchRMZ7R0HiH3dxTSp5zJDLecwxUqPUrGKMsgBI1wd1FL+d9Jxfi4cLw==",
      "requires": {
        "es6-iterator": "^2.0.3",
        "es6-symbol": "^3.1.3",
        "next-tick": "^1.1.0"
      }
    },
    "es6-iterator": {
      "version": "2.0.3",
      "resolved": "https://registry.npmjs.org/es6-iterator/-/es6-iterator-2.0.3.tgz",
      "integrity": "sha1-p96IkUGgWpSwhUQDstCg+/qY87c=",
      "requires": {
        "d": "1",
        "es5-ext": "^0.10.35",
        "es6-symbol": "^3.1.1"
      }
    },
    "es6-symbol": {
      "version": "3.1.3",
      "resolved": "https://registry.npmjs.org/es6-symbol/-/es6-symbol-3.1.3.tgz",
      "integrity": "sha512-NJ6Yn3FuDinBaBRWl/q5X/s4koRHBrgKAu+yGI6JCBeiu3qrcbJhwT2GeR/EXVfylRk8dpQVJoLEFhK+Mu31NA==",
      "requires": {
        "d": "^1.0.1",
        "ext": "^1.1.2"
      }
    },
    "es6-weak-map": {
      "version": "2.0.3",
      "resolved": "https://registry.npmjs.org/es6-weak-map/-/es6-weak-map-2.0.3.tgz",
      "integrity": "sha512-p5um32HOTO1kP+w7PRnB+5lQ43Z6muuMuIMffvDN8ZB4GcnjLBV6zGStpbASIMk4DCAvEaamhe2zhyCb/QXXsA==",
      "requires": {
        "d": "1",
        "es5-ext": "^0.10.46",
        "es6-iterator": "^2.0.3",
        "es6-symbol": "^3.1.1"
      }
    },
    "event-emitter": {
      "version": "0.3.5",
      "resolved": "https://registry.npmjs.org/event-emitter/-/event-emitter-0.3.5.tgz",
      "integrity": "sha1-34xp7vFkeSPHFXuc6DhAYQsCzDk=",
      "requires": {
        "d": "1",
        "es5-ext": "~0.10.14"
      }
    },
    "ext": {
      "version": "1.6.0",
      "resolved": "https://registry.npmjs.org/ext/-/ext-1.6.0.tgz",
      "integrity": "sha512-sdBImtzkq2HpkdRLtlLWDa6w4DX22ijZLKx8BMPUuKe1c5lbN6xwQDQCxSfxBQnHZ13ls/FH0MQZx/q/gr6FQg==",
      "requires": {
        "type": "^2.5.0"
      },
      "dependencies": {
        "type": {
          "version": "2.6.0",
          "resolved": "https://registry.npmjs.org/type/-/type-2.6.0.tgz",
          "integrity": "sha512-eiDBDOmkih5pMbo9OqsqPRGMljLodLcwd5XD5JbtNB0o89xZAwynY9EdCDsJU7LtcVCClu9DvM7/0Ep1hYX3EQ=="
        }
      }
    },
    "form-data": {
      "version": "3.0.1",
      "resolved": "https://registry.npmjs.org/form-data/-/form-data-3.0.1.tgz",
      "integrity": "sha512-RHkBKtLWUVwd7SqRIvCZMEvAMoGUp0XU+seQiZejj0COz3RI3hWP4sCv3gZWWLjJTd7rGwcsF5eKZGii0r/hbg==",
      "requires": {
        "asynckit": "^0.4.0",
        "combined-stream": "^1.0.8",
        "mime-types": "^2.1.12"
      }
    },
    "fs-constants": {
      "version": "1.0.0",
      "resolved": "https://registry.npmjs.org/fs-constants/-/fs-constants-1.0.0.tgz",
      "integrity": "sha512-y6OAwoSIf7FyjMIv94u+b5rdheZEjzR63GTyZJm5qh4Bi+2YgwLCcI/fPFZkL5PSixOt6ZNKm+w+Hfp/Bciwow=="
    },
    "get-port": {
      "version": "5.1.1",
      "resolved": "https://registry.npmjs.org/get-port/-/get-port-5.1.1.tgz",
      "integrity": "sha512-g/Q1aTSDOxFpchXC4i8ZWvxA1lnPqx/JHqcpIw0/LX9T8x/GBbi6YnlN5nhaKIFkT8oFsscUKgDJYxfwfS6QsQ=="
    },
    "http-https": {
      "version": "1.0.0",
      "resolved": "https://registry.npmjs.org/http-https/-/http-https-1.0.0.tgz",
      "integrity": "sha512-o0PWwVCSp3O0wS6FvNr6xfBCHgt0m1tvPLFOCc2iFDKTRAXhB7m8klDf7ErowFH8POa6dVdGatKU5I1YYwzUyg=="
    },
    "ieee754": {
      "version": "1.2.1",
      "resolved": "https://registry.npmjs.org/ieee754/-/ieee754-1.2.1.tgz",
      "integrity": "sha512-dcyqhDvX1C46lXZcVqCpK+FtMRQVdIMN6/Df5js2zouUsqG7I6sFxitIC+7KYK29KdXOLHdu9zL4sFnoVQnqaA=="
    },
    "inherits": {
      "version": "2.0.4",
      "resolved": "https://registry.npmjs.org/inherits/-/inherits-2.0.4.tgz",
      "integrity": "sha512-k/vGaX4/Yla3WzyMCvTQOXYeIHvqOKtnqBduzTHpzpQZzAskKMhZ2K+EnBiSM9zGSoIFeMpXKxa4dYeZIQqewQ=="
    },
    "is-promise": {
      "version": "2.2.2",
      "resolved": "https://registry.npmjs.org/is-promise/-/is-promise-2.2.2.tgz",
      "integrity": "sha512-+lP4/6lKUBfQjZ2pdxThZvLUAafmZb8OAxFb8XXtiQmS35INgr85hdOGoEs124ez1FCnZJt6jau/T+alh58QFQ=="
    },
    "lru-queue": {
      "version": "0.1.0",
      "resolved": "https://registry.npmjs.org/lru-queue/-/lru-queue-0.1.0.tgz",
      "integrity": "sha1-Jzi9nw089PhEkMVzbEhpmsYyzaM=",
      "requires": {
        "es5-ext": "~0.10.2"
      }
    },
    "memoizee": {
      "version": "0.4.15",
      "resolved": "https://registry.npmjs.org/memoizee/-/memoizee-0.4.15.tgz",
      "integrity": "sha512-UBWmJpLZd5STPm7PMUlOw/TSy972M+z8gcyQ5veOnSDRREz/0bmpyTfKt3/51DhEBqCZQn1udM/5flcSPYhkdQ==",
      "requires": {
        "d": "^1.0.1",
        "es5-ext": "^0.10.53",
        "es6-weak-map": "^2.0.3",
        "event-emitter": "^0.3.5",
        "is-promise": "^2.2.2",
        "lru-queue": "^0.1.0",
        "next-tick": "^1.1.0",
        "timers-ext": "^0.1.7"
      }
    },
    "mime-db": {
      "version": "1.52.0",
      "resolved": "https://registry.npmjs.org/mime-db/-/mime-db-1.52.0.tgz",
      "integrity": "sha512-sPU4uV7dYlvtWJxwwxHD0PuihVNiE7TyAbQ5SWxDCB9mUYvOgroQOwYQQOKPJ8CIbE+1ETVlOoK1UC2nU3gYvg=="
    },
    "mime-types": {
      "version": "2.1.35",
      "resolved": "https://registry.npmjs.org/mime-types/-/mime-types-2.1.35.tgz",
      "integrity": "sha512-ZDY+bPm5zTTF+YpCrAU9nK0UgICYPT0QtT1NZWFv4s++TNkcgVaT0g6+4R2uI4MjQjzysHB1zxuWL50hzaeXiw==",
      "requires": {
        "mime-db": "1.52.0"
      }
    },
    "nanoid": {
      "version": "2.1.11",
      "resolved": "https://registry.npmjs.org/nanoid/-/nanoid-2.1.11.tgz",
      "integrity": "sha512-s/snB+WGm6uwi0WjsZdaVcuf3KJXlfGl2LcxgwkEwJF0D/BWzVWAZW/XY4bFaiR7s0Jk3FPvlnepg1H1b1UwlA=="
    },
    "next-tick": {
      "version": "1.1.0",
      "resolved": "https://registry.npmjs.org/next-tick/-/next-tick-1.1.0.tgz",
      "integrity": "sha512-CXdUiJembsNjuToQvxayPZF9Vqht7hewsvy2sOWafLvi2awflj9mOC6bHIg50orX8IJvWKY9wYQ/zB2kogPslQ=="
    },
    "node-fetch": {
      "version": "2.6.7",
      "resolved": "https://registry.npmjs.org/node-fetch/-/node-fetch-2.6.7.tgz",
      "integrity": "sha512-ZjMPFEfVx5j+y2yF35Kzx5sF7kDzxuDj6ziH4FFbOp87zKDZNx8yExJIb05OGF4Nlt9IHFIMBkRl41VdvcNdbQ==",
      "requires": {
        "whatwg-url": "^5.0.0"
      }
    },
    "oboe": {
      "version": "2.1.5",
      "resolved": "https://registry.npmjs.org/oboe/-/oboe-2.1.5.tgz",
      "integrity": "sha512-zRFWiF+FoicxEs3jNI/WYUrVEgA7DeET/InK0XQuudGHRg8iIob3cNPrJTKaz4004uaA9Pbe+Dwa8iluhjLZWA==",
      "requires": {
        "http-https": "^1.0.0"
      }
    },
    "once": {
      "version": "1.4.0",
      "resolved": "https://registry.npmjs.org/once/-/once-1.4.0.tgz",
      "integrity": "sha512-lNaJgI+2Q5URQBkccEKHTQOPaXdUxnZZElQTZY0MFUAuaEqe1E+Nyvgdz/aIyNi6Z9MzO5dv1H8n58/GELp3+w==",
      "requires": {
        "wrappy": "1"
      }
    },
    "readable-stream": {
      "version": "3.6.0",
      "resolved": "https://registry.npmjs.org/readable-stream/-/readable-stream-3.6.0.tgz",
      "integrity": "sha512-BViHy7LKeTz4oNnkcLJ+lVSL6vpiFeX6/d3oSH8zCW7UxP2onchk+vTGB143xuFjHS3deTgkKoXXymXqymiIdA==",
      "requires": {
        "inherits": "^2.0.3",
        "string_decoder": "^1.1.1",
        "util-deprecate": "^1.0.1"
      }
    },
    "regenerator-runtime": {
      "version": "0.13.9",
      "resolved": "https://registry.npmjs.org/regenerator-runtime/-/regenerator-runtime-0.13.9.tgz",
      "integrity": "sha512-p3VT+cOEgxFsRRA9X4lkI1E+k2/CtnKtU4gcxyaCUreilL/vqI6CdZ3wxVUx3UOUg+gnUOQQcRI7BmSI656MYA=="
    },
    "rx-socket": {
      "version": "0.5.0",
      "resolved": "https://registry.npmjs.org/rx-socket/-/rx-socket-0.5.0.tgz",
      "integrity": "sha512-5wRdByrd4Y11XK+n8zyBMVK07jQaX7NPQblWLBDnps66vu8DyIIgLWgQVJTy/8VUmwpogLyG7ghCVHa9XRfULQ==",
      "requires": {
        "oboe": "^2.1.4"
      }
    },
    "rxjs": {
      "version": "6.6.7",
      "resolved": "https://registry.npmjs.org/rxjs/-/rxjs-6.6.7.tgz",
      "integrity": "sha512-hTdwr+7yYNIT5n4AMYp85KA6yw2Va0FLa3Rguvbpa4W3I5xynaBZo41cM3XM+4Q6fRMj3sBYIR1VAmZMXYJvRQ==",
      "requires": {
        "tslib": "^1.9.0"
      }
    },
    "safe-buffer": {
      "version": "5.2.1",
      "resolved": "https://registry.npmjs.org/safe-buffer/-/safe-buffer-5.2.1.tgz",
      "integrity": "sha512-rp3So07KcdmmKbGvgaNxQSJr7bGVSVk5S9Eq1F+ppbRo70+YeaDxkw5Dd8NPN+GD6bjnYm2VuPuCXmpuYvmCXQ=="
    },
    "string_decoder": {
      "version": "1.3.0",
      "resolved": "https://registry.npmjs.org/string_decoder/-/string_decoder-1.3.0.tgz",
      "integrity": "sha512-hkRX8U1WjJFd8LsDJ2yQ/wWWxaopEsABU1XfkM8A+j0+85JAGppt16cr1Whg6KIbb4okU6Mql6BOj+uup/wKeA==",
      "requires": {
        "safe-buffer": "~5.2.0"
      }
    },
    "tar-stream": {
      "version": "2.2.0",
      "resolved": "https://registry.npmjs.org/tar-stream/-/tar-stream-2.2.0.tgz",
      "integrity": "sha512-ujeqbceABgwMZxEJnk2HDY2DlnUZ+9oEcb1KzTVfYHio0UE6dG71n60d8D2I4qNvleWrrXpmjpt7vZeF1LnMZQ==",
      "requires": {
        "bl": "^4.0.3",
        "end-of-stream": "^1.4.1",
        "fs-constants": "^1.0.0",
        "inherits": "^2.0.3",
        "readable-stream": "^3.1.1"
      }
    },
    "timers-ext": {
      "version": "0.1.7",
      "resolved": "https://registry.npmjs.org/timers-ext/-/timers-ext-0.1.7.tgz",
      "integrity": "sha512-b85NUNzTSdodShTIbky6ZF02e8STtVVfD+fu4aXXShEELpozH+bCpJLYMPZbsABN2wDH7fJpqIoXxJpzbf0NqQ==",
      "requires": {
        "es5-ext": "~0.10.46",
        "next-tick": "1"
      }
    },
    "tr46": {
      "version": "0.0.3",
      "resolved": "https://registry.npmjs.org/tr46/-/tr46-0.0.3.tgz",
      "integrity": "sha512-N3WMsuqV66lT30CrXNbEjx4GEwlow3v6rr4mCcv6prnfwhS01rkgyFdjPNBYd9br7LpXV1+Emh01fHnq2Gdgrw=="
    },
    "tslib": {
      "version": "1.14.1",
      "resolved": "https://registry.npmjs.org/tslib/-/tslib-1.14.1.tgz",
      "integrity": "sha512-Xni35NKzjgMrwevysHTCArtLDpPvye8zV/0E4EyYn43P7/7qvQwPh9BGkHewbMulVntbigmcT7rdX3BNo9wRJg=="
    },
    "type": {
      "version": "1.2.0",
      "resolved": "https://registry.npmjs.org/type/-/type-1.2.0.tgz",
      "integrity": "sha512-+5nt5AAniqsCnu2cEQQdpzCAh33kVx8n0VoFidKpB1dVVLAN/F+bgVOqOJqOnEnrhp222clB5p3vUlD+1QAnfg=="
    },
    "util-deprecate": {
      "version": "1.0.2",
      "resolved": "https://registry.npmjs.org/util-deprecate/-/util-deprecate-1.0.2.tgz",
      "integrity": "sha512-EPD5q1uXyFxJpCrLnCc1nHnq3gOa6DZBocAIiI2TaSCA7VCJ1UJDMagCzIkXNsUYfD1daK//LTEQ8xiIbrHtcw=="
    },
    "webidl-conversions": {
      "version": "3.0.1",
      "resolved": "https://registry.npmjs.org/webidl-conversions/-/webidl-conversions-3.0.1.tgz",
      "integrity": "sha512-2JAn3z8AR6rjK8Sm8orRC0h/bcl/DqL7tRPdGZ4I1CjdF+EaMLmYxBHyXuKL849eucPFhvBoxMsflfOb8kxaeQ=="
    },
    "whatwg-url": {
      "version": "5.0.0",
      "resolved": "https://registry.npmjs.org/whatwg-url/-/whatwg-url-5.0.0.tgz",
      "integrity": "sha512-saE57nupxk6v3HY35+jzBwYa0rKSy0XR8JSxZPwgLr7ys0IBzhGviA1/TUGJLmSVqs8pb9AnvICXEuOHLprYTw==",
      "requires": {
        "tr46": "~0.0.3",
        "webidl-conversions": "^3.0.0"
      }
    },
    "wrappy": {
      "version": "1.0.2",
      "resolved": "https://registry.npmjs.org/wrappy/-/wrappy-1.0.2.tgz",
      "integrity": "sha512-l4Sp/DRseor9wL6EvV2+TuQn63dMkPjZ/sp9XkghTEbV9KlPS1xUsZ3u7/IQO4wxtcFB4bgpQPRcR3QCvezPcQ=="
    },
    "ws": {
      "version": "7.5.9",
      "resolved": "https://registry.npmjs.org/ws/-/ws-7.5.9.tgz",
      "integrity": "sha512-F+P9Jil7UiSKSkppIiD94dN07AwvFixvLIj1Og1Rl9GGMuNipJnV9JzjD6XuqmAeiswGvUmNLjr5cFuXwNS77Q==",
      "requires": {}
    }
  }
}
